// !$*UTF8*$!
{
	archiveVersion = 1;
	classes = {
	};
	objectVersion = 55;
	objects = {

/* Begin PBXBuildFile section */
		D018EF2E2894EFCC00EA2BA1 /* APICall.swift in Sources */ = {isa = PBXBuildFile; fileRef = D018EF2D2894EFCC00EA2BA1 /* APICall.swift */; };
		D018EF302894F04C00EA2BA1 /* AppState.swift in Sources */ = {isa = PBXBuildFile; fileRef = D018EF2F2894F04C00EA2BA1 /* AppState.swift */; };
		D018EF322894F19C00EA2BA1 /* UserPermissionsService.swift in Sources */ = {isa = PBXBuildFile; fileRef = D018EF312894F19C00EA2BA1 /* UserPermissionsService.swift */; };
		D018EF34289503BF00EA2BA1 /* ServicesContainer.swift in Sources */ = {isa = PBXBuildFile; fileRef = D018EF33289503BF00EA2BA1 /* ServicesContainer.swift */; };
		D018EF36289504D100EA2BA1 /* DependencyInjector.swift in Sources */ = {isa = PBXBuildFile; fileRef = D018EF35289504D100EA2BA1 /* DependencyInjector.swift */; };
		D018EF382895088B00EA2BA1 /* CommunitiesWebRepository.swift in Sources */ = {isa = PBXBuildFile; fileRef = D018EF372895088B00EA2BA1 /* CommunitiesWebRepository.swift */; };
		D018EF3A289508B200EA2BA1 /* WebRepository.swift in Sources */ = {isa = PBXBuildFile; fileRef = D018EF39289508B200EA2BA1 /* WebRepository.swift */; };
		D018EF3E289E3A7100EA2BA1 /* Community.swift in Sources */ = {isa = PBXBuildFile; fileRef = D018EF3D289E3A7100EA2BA1 /* Community.swift */; };
		D018EF41289E43C600EA2BA1 /* CreateCommunity.swift in Sources */ = {isa = PBXBuildFile; fileRef = D018EF40289E43C600EA2BA1 /* CreateCommunity.swift */; };
		D018EF43289E44E500EA2BA1 /* CreateCommunityViewModel.swift in Sources */ = {isa = PBXBuildFile; fileRef = D018EF42289E44E500EA2BA1 /* CreateCommunityViewModel.swift */; };
		D018EF45289E48E400EA2BA1 /* CommunitiesService.swift in Sources */ = {isa = PBXBuildFile; fileRef = D018EF44289E48E400EA2BA1 /* CommunitiesService.swift */; };
		D018EF47289E5F2F00EA2BA1 /* Loadable.swift in Sources */ = {isa = PBXBuildFile; fileRef = D018EF46289E5F2F00EA2BA1 /* Loadable.swift */; };
		D018EF49289E7CF200EA2BA1 /* AppEnvironment.swift in Sources */ = {isa = PBXBuildFile; fileRef = D018EF48289E7CF200EA2BA1 /* AppEnvironment.swift */; };
		D018EF4B289E7FCB00EA2BA1 /* RepositoriesContainer.swift in Sources */ = {isa = PBXBuildFile; fileRef = D018EF4A289E7FCB00EA2BA1 /* RepositoriesContainer.swift */; };
		D048301528C2DE74006DFF01 /* CommunityCategoryBar.swift in Sources */ = {isa = PBXBuildFile; fileRef = D048301428C2DE74006DFF01 /* CommunityCategoryBar.swift */; };
		D048301828C2DFD7006DFF01 /* SearchTypeSelectBar.swift in Sources */ = {isa = PBXBuildFile; fileRef = D048301728C2DFD7006DFF01 /* SearchTypeSelectBar.swift */; };
		D048301A28C2E5B6006DFF01 /* PostSearchResultList.swift in Sources */ = {isa = PBXBuildFile; fileRef = D048301928C2E5B6006DFF01 /* PostSearchResultList.swift */; };
		D05E89E528C2E87B0018202D /* CommunitySearchResultList.swift in Sources */ = {isa = PBXBuildFile; fileRef = D05E89E428C2E87B0018202D /* CommunitySearchResultList.swift */; };
		D05E89E728C30ED00018202D /* HideKeyBoard.swift in Sources */ = {isa = PBXBuildFile; fileRef = D05E89E628C30ED00018202D /* HideKeyBoard.swift */; };
		D098CCB428C32B3F004DC73C /* README.md in Resources */ = {isa = PBXBuildFile; fileRef = D098CCB328C32B3F004DC73C /* README.md */; };
		D098CCB728D5568D004DC73C /* NotificationView.swift in Sources */ = {isa = PBXBuildFile; fileRef = D098CCB628D5568D004DC73C /* NotificationView.swift */; };
		D098CCBE28D55ACE004DC73C /* NotificationViewModel.swift in Sources */ = {isa = PBXBuildFile; fileRef = D098CCBD28D55ACE004DC73C /* NotificationViewModel.swift */; };
		D098CCC128D55B61004DC73C /* AlarmView.swift in Sources */ = {isa = PBXBuildFile; fileRef = D098CCC028D55B61004DC73C /* AlarmView.swift */; };
		D098CCC428D55B7D004DC73C /* MessageView.swift in Sources */ = {isa = PBXBuildFile; fileRef = D098CCC328D55B7D004DC73C /* MessageView.swift */; };
		D098CCC628D56B7E004DC73C /* Alarm.swift in Sources */ = {isa = PBXBuildFile; fileRef = D098CCC528D56B7E004DC73C /* Alarm.swift */; };
		D098CCC828D56E07004DC73C /* AlarmViewModel.swift in Sources */ = {isa = PBXBuildFile; fileRef = D098CCC728D56E07004DC73C /* AlarmViewModel.swift */; };
		D098CCCB28D570AC004DC73C /* AlarmCell.swift in Sources */ = {isa = PBXBuildFile; fileRef = D098CCCA28D570AC004DC73C /* AlarmCell.swift */; };
		D098CCCD28D57D3F004DC73C /* AlarmsWebRepository.swift in Sources */ = {isa = PBXBuildFile; fileRef = D098CCCC28D57D3F004DC73C /* AlarmsWebRepository.swift */; };
		D098CCCF28D58E43004DC73C /* AlarmsService.swift in Sources */ = {isa = PBXBuildFile; fileRef = D098CCCE28D58E42004DC73C /* AlarmsService.swift */; };
		D098CD4628DEEDDF004DC73C /* CreateView.swift in Sources */ = {isa = PBXBuildFile; fileRef = D098CD4528DEEDDF004DC73C /* CreateView.swift */; };
		D098CD4828DEEDF7004DC73C /* Main.swift in Sources */ = {isa = PBXBuildFile; fileRef = D098CD4728DEEDF7004DC73C /* Main.swift */; };
		D098CD4B28E6F4C5004DC73C /* HomeView.swift in Sources */ = {isa = PBXBuildFile; fileRef = D098CD4A28E6F4C5004DC73C /* HomeView.swift */; };
		D098CD4D28E6F86F004DC73C /* HomeViewModel.swift in Sources */ = {isa = PBXBuildFile; fileRef = D098CD4C28E6F86F004DC73C /* HomeViewModel.swift */; };
		D098CD5028E6FB0D004DC73C /* Notice.swift in Sources */ = {isa = PBXBuildFile; fileRef = D098CD4F28E6FB0D004DC73C /* Notice.swift */; };
		D098CD5228E6FBB4004DC73C /* NoticesWebRepository.swift in Sources */ = {isa = PBXBuildFile; fileRef = D098CD5128E6FBB4004DC73C /* NoticesWebRepository.swift */; };
		D098CD5428E6FD7F004DC73C /* NoticesService.swift in Sources */ = {isa = PBXBuildFile; fileRef = D098CD5328E6FD7F004DC73C /* NoticesService.swift */; };
		D098CD5628E83E28004DC73C /* Message.swift in Sources */ = {isa = PBXBuildFile; fileRef = D098CD5528E83E28004DC73C /* Message.swift */; };
		D0A1B47628A9D75E00FB4127 /* WrappingHStack in Frameworks */ = {isa = PBXBuildFile; productRef = D0A1B47528A9D75E00FB4127 /* WrappingHStack */; };
		D0A1B47928B0844C00FB4127 /* PostsWebRepository.swift in Sources */ = {isa = PBXBuildFile; fileRef = D0A1B47828B0844C00FB4127 /* PostsWebRepository.swift */; };
		D0A1B47B28B0849E00FB4127 /* Post.swift in Sources */ = {isa = PBXBuildFile; fileRef = D0A1B47A28B0849E00FB4127 /* Post.swift */; };
		D0A1B47D28B0886200FB4127 /* PostsService.swift in Sources */ = {isa = PBXBuildFile; fileRef = D0A1B47C28B0886200FB4127 /* PostsService.swift */; };
		D0A1B47F28B08BC800FB4127 /* CreatePost.swift in Sources */ = {isa = PBXBuildFile; fileRef = D0A1B47E28B08BC800FB4127 /* CreatePost.swift */; };
		D0A1B48128B08C6C00FB4127 /* CreatePostViewModel.swift in Sources */ = {isa = PBXBuildFile; fileRef = D0A1B48028B08C6C00FB4127 /* CreatePostViewModel.swift */; };
		D0A1B48328B0A54100FB4127 /* UsersService.swift in Sources */ = {isa = PBXBuildFile; fileRef = D0A1B48228B0A54100FB4127 /* UsersService.swift */; };
		D0A1B48528B0A59400FB4127 /* UsersWebRepository.swift in Sources */ = {isa = PBXBuildFile; fileRef = D0A1B48428B0A59400FB4127 /* UsersWebRepository.swift */; };
		D0A1B48728B9A32A00FB4127 /* ImagesWebRepository.swift in Sources */ = {isa = PBXBuildFile; fileRef = D0A1B48628B9A32A00FB4127 /* ImagesWebRepository.swift */; };
		D0A1B48928B9A7C400FB4127 /* ImagesService.swift in Sources */ = {isa = PBXBuildFile; fileRef = D0A1B48828B9A7C400FB4127 /* ImagesService.swift */; };
		D0A1B49128B9E90100FB4127 /* SearchWebRepository.swift in Sources */ = {isa = PBXBuildFile; fileRef = D0A1B49028B9E90100FB4127 /* SearchWebRepository.swift */; };
		D0A1B49328B9ED9C00FB4127 /* SearchService.swift in Sources */ = {isa = PBXBuildFile; fileRef = D0A1B49228B9ED9C00FB4127 /* SearchService.swift */; };
		D0A1B49528B9F0B600FB4127 /* SearchView.swift in Sources */ = {isa = PBXBuildFile; fileRef = D0A1B49428B9F0B600FB4127 /* SearchView.swift */; };
		D0A1B49728B9F16F00FB4127 /* SearchViewModel.swift in Sources */ = {isa = PBXBuildFile; fileRef = D0A1B49628B9F16F00FB4127 /* SearchViewModel.swift */; };
		D0A1B49928B9F45B00FB4127 /* SearchBar.swift in Sources */ = {isa = PBXBuildFile; fileRef = D0A1B49828B9F45B00FB4127 /* SearchBar.swift */; };
		D0A1B49B28B9FD7000FB4127 /* Search.swift in Sources */ = {isa = PBXBuildFile; fileRef = D0A1B49A28B9FD7000FB4127 /* Search.swift */; };
		D0C82F6428E8450400B17FCA /* MessagesWebRepository.swift in Sources */ = {isa = PBXBuildFile; fileRef = D0C82F6328E8450400B17FCA /* MessagesWebRepository.swift */; };
		D0C82F6628E8467700B17FCA /* MessagesService.swift in Sources */ = {isa = PBXBuildFile; fileRef = D0C82F6528E8467700B17FCA /* MessagesService.swift */; };
		D0C82F6828E8476200B17FCA /* MessageViewModel.swift in Sources */ = {isa = PBXBuildFile; fileRef = D0C82F6728E8476200B17FCA /* MessageViewModel.swift */; };
		D0C82F6B28E84CFA00B17FCA /* MessageDetailView.swift in Sources */ = {isa = PBXBuildFile; fileRef = D0C82F6A28E84CFA00B17FCA /* MessageDetailView.swift */; };
		D0C82F6D28E84D9900B17FCA /* MessageTextBar.swift in Sources */ = {isa = PBXBuildFile; fileRef = D0C82F6C28E84D9900B17FCA /* MessageTextBar.swift */; };
		D0C82F6F28E84DE300B17FCA /* MessageContent.swift in Sources */ = {isa = PBXBuildFile; fileRef = D0C82F6E28E84DE300B17FCA /* MessageContent.swift */; };
		D0C82F7328EA5B2A00B17FCA /* MessageDetailViewModel.swift in Sources */ = {isa = PBXBuildFile; fileRef = D0C82F7228EA5B2A00B17FCA /* MessageDetailViewModel.swift */; };
		D0C82F7528F0F8C100B17FCA /* FirstLaunch.swift in Sources */ = {isa = PBXBuildFile; fileRef = D0C82F7428F0F8C100B17FCA /* FirstLaunch.swift */; };
		D0C82F7F28FA5F7500B17FCA /* ProfileView.swift in Sources */ = {isa = PBXBuildFile; fileRef = D0C82F7E28FA5F7500B17FCA /* ProfileView.swift */; };
		D0D2F1E5287D1E2A00AB3E6A /* AppDelegate.swift in Sources */ = {isa = PBXBuildFile; fileRef = D0D2F1E4287D1E2A00AB3E6A /* AppDelegate.swift */; };
		D0D2F1E7287D1E2A00AB3E6A /* SceneDelegate.swift in Sources */ = {isa = PBXBuildFile; fileRef = D0D2F1E6287D1E2A00AB3E6A /* SceneDelegate.swift */; };
		D0D2F1E9287D1E2A00AB3E6A /* ViewController.swift in Sources */ = {isa = PBXBuildFile; fileRef = D0D2F1E8287D1E2A00AB3E6A /* ViewController.swift */; };
		D0D2F1EC287D1E2A00AB3E6A /* Main.storyboard in Resources */ = {isa = PBXBuildFile; fileRef = D0D2F1EA287D1E2A00AB3E6A /* Main.storyboard */; };
		D0D2F1EE287D1E2B00AB3E6A /* Assets.xcassets in Resources */ = {isa = PBXBuildFile; fileRef = D0D2F1ED287D1E2B00AB3E6A /* Assets.xcassets */; };
		D0D2F1F1287D1E2B00AB3E6A /* LaunchScreen.storyboard in Resources */ = {isa = PBXBuildFile; fileRef = D0D2F1EF287D1E2B00AB3E6A /* LaunchScreen.storyboard */; };
		D0D2F1FC287D1E2B00AB3E6A /* boogi_iOS_MVVMTests.swift in Sources */ = {isa = PBXBuildFile; fileRef = D0D2F1FB287D1E2B00AB3E6A /* boogi_iOS_MVVMTests.swift */; };
		D0D2F206287D1E2B00AB3E6A /* boogi_iOS_MVVMUITests.swift in Sources */ = {isa = PBXBuildFile; fileRef = D0D2F205287D1E2B00AB3E6A /* boogi_iOS_MVVMUITests.swift */; };
		D0D2F208287D1E2B00AB3E6A /* boogi_iOS_MVVMUITestsLaunchTests.swift in Sources */ = {isa = PBXBuildFile; fileRef = D0D2F207287D1E2B00AB3E6A /* boogi_iOS_MVVMUITestsLaunchTests.swift */; };
		D0D2F215287D432C00AB3E6A /* .gitignore in Resources */ = {isa = PBXBuildFile; fileRef = D0D2F214287D432C00AB3E6A /* .gitignore */; };
		FAAE6B3E28E83F60001525E7 /* HotPostView.swift in Sources */ = {isa = PBXBuildFile; fileRef = FAAE6B3D28E83F60001525E7 /* HotPostView.swift */; };
		FAFC263628EA90B700A0412A /* ColorExtension.swift in Sources */ = {isa = PBXBuildFile; fileRef = FAFC263528EA90B700A0412A /* ColorExtension.swift */; };
/* End PBXBuildFile section */

/* Begin PBXContainerItemProxy section */
		D0D2F1F8287D1E2B00AB3E6A /* PBXContainerItemProxy */ = {
			isa = PBXContainerItemProxy;
			containerPortal = D0D2F1D9287D1E2A00AB3E6A /* Project object */;
			proxyType = 1;
			remoteGlobalIDString = D0D2F1E0287D1E2A00AB3E6A;
			remoteInfo = "boogi-iOS-MVVM";
		};
		D0D2F202287D1E2B00AB3E6A /* PBXContainerItemProxy */ = {
			isa = PBXContainerItemProxy;
			containerPortal = D0D2F1D9287D1E2A00AB3E6A /* Project object */;
			proxyType = 1;
			remoteGlobalIDString = D0D2F1E0287D1E2A00AB3E6A;
			remoteInfo = "boogi-iOS-MVVM";
		};
/* End PBXContainerItemProxy section */

/* Begin PBXFileReference section */
		D018EF2D2894EFCC00EA2BA1 /* APICall.swift */ = {isa = PBXFileReference; lastKnownFileType = sourcecode.swift; path = APICall.swift; sourceTree = "<group>"; };
		D018EF2F2894F04C00EA2BA1 /* AppState.swift */ = {isa = PBXFileReference; lastKnownFileType = sourcecode.swift; path = AppState.swift; sourceTree = "<group>"; };
		D018EF312894F19C00EA2BA1 /* UserPermissionsService.swift */ = {isa = PBXFileReference; lastKnownFileType = sourcecode.swift; path = UserPermissionsService.swift; sourceTree = "<group>"; };
		D018EF33289503BF00EA2BA1 /* ServicesContainer.swift */ = {isa = PBXFileReference; lastKnownFileType = sourcecode.swift; path = ServicesContainer.swift; sourceTree = "<group>"; };
		D018EF35289504D100EA2BA1 /* DependencyInjector.swift */ = {isa = PBXFileReference; lastKnownFileType = sourcecode.swift; path = DependencyInjector.swift; sourceTree = "<group>"; };
		D018EF372895088B00EA2BA1 /* CommunitiesWebRepository.swift */ = {isa = PBXFileReference; lastKnownFileType = sourcecode.swift; path = CommunitiesWebRepository.swift; sourceTree = "<group>"; };
		D018EF39289508B200EA2BA1 /* WebRepository.swift */ = {isa = PBXFileReference; lastKnownFileType = sourcecode.swift; path = WebRepository.swift; sourceTree = "<group>"; };
		D018EF3D289E3A7100EA2BA1 /* Community.swift */ = {isa = PBXFileReference; lastKnownFileType = sourcecode.swift; path = Community.swift; sourceTree = "<group>"; };
		D018EF40289E43C600EA2BA1 /* CreateCommunity.swift */ = {isa = PBXFileReference; lastKnownFileType = sourcecode.swift; path = CreateCommunity.swift; sourceTree = "<group>"; };
		D018EF42289E44E500EA2BA1 /* CreateCommunityViewModel.swift */ = {isa = PBXFileReference; lastKnownFileType = sourcecode.swift; path = CreateCommunityViewModel.swift; sourceTree = "<group>"; };
		D018EF44289E48E400EA2BA1 /* CommunitiesService.swift */ = {isa = PBXFileReference; lastKnownFileType = sourcecode.swift; path = CommunitiesService.swift; sourceTree = "<group>"; };
		D018EF46289E5F2F00EA2BA1 /* Loadable.swift */ = {isa = PBXFileReference; lastKnownFileType = sourcecode.swift; path = Loadable.swift; sourceTree = "<group>"; };
		D018EF48289E7CF200EA2BA1 /* AppEnvironment.swift */ = {isa = PBXFileReference; lastKnownFileType = sourcecode.swift; path = AppEnvironment.swift; sourceTree = "<group>"; };
		D018EF4A289E7FCB00EA2BA1 /* RepositoriesContainer.swift */ = {isa = PBXFileReference; lastKnownFileType = sourcecode.swift; path = RepositoriesContainer.swift; sourceTree = "<group>"; };
		D048301428C2DE74006DFF01 /* CommunityCategoryBar.swift */ = {isa = PBXFileReference; lastKnownFileType = sourcecode.swift; path = CommunityCategoryBar.swift; sourceTree = "<group>"; };
		D048301728C2DFD7006DFF01 /* SearchTypeSelectBar.swift */ = {isa = PBXFileReference; lastKnownFileType = sourcecode.swift; path = SearchTypeSelectBar.swift; sourceTree = "<group>"; };
		D048301928C2E5B6006DFF01 /* PostSearchResultList.swift */ = {isa = PBXFileReference; lastKnownFileType = sourcecode.swift; path = PostSearchResultList.swift; sourceTree = "<group>"; };
		D05E89E428C2E87B0018202D /* CommunitySearchResultList.swift */ = {isa = PBXFileReference; lastKnownFileType = sourcecode.swift; path = CommunitySearchResultList.swift; sourceTree = "<group>"; };
		D05E89E628C30ED00018202D /* HideKeyBoard.swift */ = {isa = PBXFileReference; lastKnownFileType = sourcecode.swift; path = HideKeyBoard.swift; sourceTree = "<group>"; };
		D098CCB328C32B3F004DC73C /* README.md */ = {isa = PBXFileReference; fileEncoding = 4; lastKnownFileType = net.daringfireball.markdown; path = README.md; sourceTree = "<group>"; };
		D098CCB628D5568D004DC73C /* NotificationView.swift */ = {isa = PBXFileReference; lastKnownFileType = sourcecode.swift; path = NotificationView.swift; sourceTree = "<group>"; };
		D098CCB828D557A2004DC73C /* README.md */ = {isa = PBXFileReference; lastKnownFileType = net.daringfireball.markdown; path = README.md; sourceTree = "<group>"; };
		D098CCB928D558A3004DC73C /* README.md */ = {isa = PBXFileReference; lastKnownFileType = net.daringfireball.markdown; path = README.md; sourceTree = "<group>"; };
		D098CCBA28D55930004DC73C /* README.md */ = {isa = PBXFileReference; lastKnownFileType = net.daringfireball.markdown; path = README.md; sourceTree = "<group>"; };
		D098CCBC28D55984004DC73C /* README.md */ = {isa = PBXFileReference; lastKnownFileType = net.daringfireball.markdown; path = README.md; sourceTree = "<group>"; };
		D098CCBD28D55ACE004DC73C /* NotificationViewModel.swift */ = {isa = PBXFileReference; lastKnownFileType = sourcecode.swift; path = NotificationViewModel.swift; sourceTree = "<group>"; };
		D098CCC028D55B61004DC73C /* AlarmView.swift */ = {isa = PBXFileReference; lastKnownFileType = sourcecode.swift; path = AlarmView.swift; sourceTree = "<group>"; };
		D098CCC328D55B7D004DC73C /* MessageView.swift */ = {isa = PBXFileReference; lastKnownFileType = sourcecode.swift; path = MessageView.swift; sourceTree = "<group>"; };
		D098CCC528D56B7E004DC73C /* Alarm.swift */ = {isa = PBXFileReference; lastKnownFileType = sourcecode.swift; path = Alarm.swift; sourceTree = "<group>"; };
		D098CCC728D56E07004DC73C /* AlarmViewModel.swift */ = {isa = PBXFileReference; lastKnownFileType = sourcecode.swift; path = AlarmViewModel.swift; sourceTree = "<group>"; };
		D098CCCA28D570AC004DC73C /* AlarmCell.swift */ = {isa = PBXFileReference; lastKnownFileType = sourcecode.swift; path = AlarmCell.swift; sourceTree = "<group>"; };
		D098CCCC28D57D3F004DC73C /* AlarmsWebRepository.swift */ = {isa = PBXFileReference; lastKnownFileType = sourcecode.swift; path = AlarmsWebRepository.swift; sourceTree = "<group>"; };
		D098CCCE28D58E42004DC73C /* AlarmsService.swift */ = {isa = PBXFileReference; fileEncoding = 4; lastKnownFileType = sourcecode.swift; path = AlarmsService.swift; sourceTree = "<group>"; };
		D098CCD028D5A5D7004DC73C /* README.md */ = {isa = PBXFileReference; lastKnownFileType = net.daringfireball.markdown; path = README.md; sourceTree = "<group>"; };
		D098CCD128D5A660004DC73C /* README.md */ = {isa = PBXFileReference; lastKnownFileType = net.daringfireball.markdown; path = README.md; sourceTree = "<group>"; };
		D098CD4528DEEDDF004DC73C /* CreateView.swift */ = {isa = PBXFileReference; fileEncoding = 4; lastKnownFileType = sourcecode.swift; path = CreateView.swift; sourceTree = "<group>"; };
		D098CD4728DEEDF7004DC73C /* Main.swift */ = {isa = PBXFileReference; fileEncoding = 4; lastKnownFileType = sourcecode.swift; path = Main.swift; sourceTree = "<group>"; };
		D098CD4A28E6F4C5004DC73C /* HomeView.swift */ = {isa = PBXFileReference; lastKnownFileType = sourcecode.swift; path = HomeView.swift; sourceTree = "<group>"; };
		D098CD4C28E6F86F004DC73C /* HomeViewModel.swift */ = {isa = PBXFileReference; lastKnownFileType = sourcecode.swift; path = HomeViewModel.swift; sourceTree = "<group>"; };
		D098CD4F28E6FB0D004DC73C /* Notice.swift */ = {isa = PBXFileReference; lastKnownFileType = sourcecode.swift; path = Notice.swift; sourceTree = "<group>"; };
		D098CD5128E6FBB4004DC73C /* NoticesWebRepository.swift */ = {isa = PBXFileReference; lastKnownFileType = sourcecode.swift; path = NoticesWebRepository.swift; sourceTree = "<group>"; };
		D098CD5328E6FD7F004DC73C /* NoticesService.swift */ = {isa = PBXFileReference; lastKnownFileType = sourcecode.swift; path = NoticesService.swift; sourceTree = "<group>"; };
		D098CD5528E83E28004DC73C /* Message.swift */ = {isa = PBXFileReference; lastKnownFileType = sourcecode.swift; path = Message.swift; sourceTree = "<group>"; };
		D0A1B47828B0844C00FB4127 /* PostsWebRepository.swift */ = {isa = PBXFileReference; lastKnownFileType = sourcecode.swift; path = PostsWebRepository.swift; sourceTree = "<group>"; };
		D0A1B47A28B0849E00FB4127 /* Post.swift */ = {isa = PBXFileReference; lastKnownFileType = sourcecode.swift; path = Post.swift; sourceTree = "<group>"; };
		D0A1B47C28B0886200FB4127 /* PostsService.swift */ = {isa = PBXFileReference; lastKnownFileType = sourcecode.swift; path = PostsService.swift; sourceTree = "<group>"; };
		D0A1B47E28B08BC800FB4127 /* CreatePost.swift */ = {isa = PBXFileReference; lastKnownFileType = sourcecode.swift; path = CreatePost.swift; sourceTree = "<group>"; };
		D0A1B48028B08C6C00FB4127 /* CreatePostViewModel.swift */ = {isa = PBXFileReference; lastKnownFileType = sourcecode.swift; path = CreatePostViewModel.swift; sourceTree = "<group>"; };
		D0A1B48228B0A54100FB4127 /* UsersService.swift */ = {isa = PBXFileReference; lastKnownFileType = sourcecode.swift; path = UsersService.swift; sourceTree = "<group>"; };
		D0A1B48428B0A59400FB4127 /* UsersWebRepository.swift */ = {isa = PBXFileReference; lastKnownFileType = sourcecode.swift; path = UsersWebRepository.swift; sourceTree = "<group>"; };
		D0A1B48628B9A32A00FB4127 /* ImagesWebRepository.swift */ = {isa = PBXFileReference; lastKnownFileType = sourcecode.swift; path = ImagesWebRepository.swift; sourceTree = "<group>"; };
		D0A1B48828B9A7C400FB4127 /* ImagesService.swift */ = {isa = PBXFileReference; lastKnownFileType = sourcecode.swift; path = ImagesService.swift; sourceTree = "<group>"; };
		D0A1B49028B9E90100FB4127 /* SearchWebRepository.swift */ = {isa = PBXFileReference; lastKnownFileType = sourcecode.swift; path = SearchWebRepository.swift; sourceTree = "<group>"; };
		D0A1B49228B9ED9C00FB4127 /* SearchService.swift */ = {isa = PBXFileReference; lastKnownFileType = sourcecode.swift; path = SearchService.swift; sourceTree = "<group>"; };
		D0A1B49428B9F0B600FB4127 /* SearchView.swift */ = {isa = PBXFileReference; lastKnownFileType = sourcecode.swift; path = SearchView.swift; sourceTree = "<group>"; };
		D0A1B49628B9F16F00FB4127 /* SearchViewModel.swift */ = {isa = PBXFileReference; lastKnownFileType = sourcecode.swift; path = SearchViewModel.swift; sourceTree = "<group>"; };
		D0A1B49828B9F45B00FB4127 /* SearchBar.swift */ = {isa = PBXFileReference; lastKnownFileType = sourcecode.swift; path = SearchBar.swift; sourceTree = "<group>"; };
		D0A1B49A28B9FD7000FB4127 /* Search.swift */ = {isa = PBXFileReference; lastKnownFileType = sourcecode.swift; path = Search.swift; sourceTree = "<group>"; };
		D0C82F6328E8450400B17FCA /* MessagesWebRepository.swift */ = {isa = PBXFileReference; lastKnownFileType = sourcecode.swift; path = MessagesWebRepository.swift; sourceTree = "<group>"; };
		D0C82F6528E8467700B17FCA /* MessagesService.swift */ = {isa = PBXFileReference; lastKnownFileType = sourcecode.swift; path = MessagesService.swift; sourceTree = "<group>"; };
		D0C82F6728E8476200B17FCA /* MessageViewModel.swift */ = {isa = PBXFileReference; lastKnownFileType = sourcecode.swift; path = MessageViewModel.swift; sourceTree = "<group>"; };
		D0C82F6A28E84CFA00B17FCA /* MessageDetailView.swift */ = {isa = PBXFileReference; lastKnownFileType = sourcecode.swift; path = MessageDetailView.swift; sourceTree = "<group>"; };
		D0C82F6C28E84D9900B17FCA /* MessageTextBar.swift */ = {isa = PBXFileReference; lastKnownFileType = sourcecode.swift; path = MessageTextBar.swift; sourceTree = "<group>"; };
		D0C82F6E28E84DE300B17FCA /* MessageContent.swift */ = {isa = PBXFileReference; lastKnownFileType = sourcecode.swift; path = MessageContent.swift; sourceTree = "<group>"; };
		D0C82F7228EA5B2A00B17FCA /* MessageDetailViewModel.swift */ = {isa = PBXFileReference; fileEncoding = 4; lastKnownFileType = sourcecode.swift; path = MessageDetailViewModel.swift; sourceTree = "<group>"; };
		D0C82F7428F0F8C100B17FCA /* FirstLaunch.swift */ = {isa = PBXFileReference; lastKnownFileType = sourcecode.swift; path = FirstLaunch.swift; sourceTree = "<group>"; };
		D0C82F7928FA3E5900B17FCA /* HotPostView.swift */ = {isa = PBXFileReference; fileEncoding = 4; lastKnownFileType = sourcecode.swift; path = HotPostView.swift; sourceTree = "<group>"; };
		D0C82F7E28FA5F7500B17FCA /* ProfileView.swift */ = {isa = PBXFileReference; lastKnownFileType = sourcecode.swift; path = ProfileView.swift; sourceTree = "<group>"; };
		D0D2F1E1287D1E2A00AB3E6A /* boogi-iOS-MVVM.app */ = {isa = PBXFileReference; explicitFileType = wrapper.application; includeInIndex = 0; path = "boogi-iOS-MVVM.app"; sourceTree = BUILT_PRODUCTS_DIR; };
		D0D2F1E4287D1E2A00AB3E6A /* AppDelegate.swift */ = {isa = PBXFileReference; lastKnownFileType = sourcecode.swift; path = AppDelegate.swift; sourceTree = "<group>"; };
		D0D2F1E6287D1E2A00AB3E6A /* SceneDelegate.swift */ = {isa = PBXFileReference; lastKnownFileType = sourcecode.swift; path = SceneDelegate.swift; sourceTree = "<group>"; };
		D0D2F1E8287D1E2A00AB3E6A /* ViewController.swift */ = {isa = PBXFileReference; lastKnownFileType = sourcecode.swift; path = ViewController.swift; sourceTree = "<group>"; };
		D0D2F1EB287D1E2A00AB3E6A /* Base */ = {isa = PBXFileReference; lastKnownFileType = file.storyboard; name = Base; path = Base.lproj/Main.storyboard; sourceTree = "<group>"; };
		D0D2F1ED287D1E2B00AB3E6A /* Assets.xcassets */ = {isa = PBXFileReference; lastKnownFileType = folder.assetcatalog; path = Assets.xcassets; sourceTree = "<group>"; };
		D0D2F1F0287D1E2B00AB3E6A /* Base */ = {isa = PBXFileReference; lastKnownFileType = file.storyboard; name = Base; path = Base.lproj/LaunchScreen.storyboard; sourceTree = "<group>"; };
		D0D2F1F2287D1E2B00AB3E6A /* Info.plist */ = {isa = PBXFileReference; lastKnownFileType = text.plist.xml; path = Info.plist; sourceTree = "<group>"; };
		D0D2F1F7287D1E2B00AB3E6A /* boogi-iOS-MVVMTests.xctest */ = {isa = PBXFileReference; explicitFileType = wrapper.cfbundle; includeInIndex = 0; path = "boogi-iOS-MVVMTests.xctest"; sourceTree = BUILT_PRODUCTS_DIR; };
		D0D2F1FB287D1E2B00AB3E6A /* boogi_iOS_MVVMTests.swift */ = {isa = PBXFileReference; lastKnownFileType = sourcecode.swift; path = boogi_iOS_MVVMTests.swift; sourceTree = "<group>"; };
		D0D2F201287D1E2B00AB3E6A /* boogi-iOS-MVVMUITests.xctest */ = {isa = PBXFileReference; explicitFileType = wrapper.cfbundle; includeInIndex = 0; path = "boogi-iOS-MVVMUITests.xctest"; sourceTree = BUILT_PRODUCTS_DIR; };
		D0D2F205287D1E2B00AB3E6A /* boogi_iOS_MVVMUITests.swift */ = {isa = PBXFileReference; lastKnownFileType = sourcecode.swift; path = boogi_iOS_MVVMUITests.swift; sourceTree = "<group>"; };
		D0D2F207287D1E2B00AB3E6A /* boogi_iOS_MVVMUITestsLaunchTests.swift */ = {isa = PBXFileReference; lastKnownFileType = sourcecode.swift; path = boogi_iOS_MVVMUITestsLaunchTests.swift; sourceTree = "<group>"; };
		D0D2F214287D432C00AB3E6A /* .gitignore */ = {isa = PBXFileReference; fileEncoding = 4; lastKnownFileType = text; path = .gitignore; sourceTree = "<group>"; };
		FAAE6B3D28E83F60001525E7 /* HotPostView.swift */ = {isa = PBXFileReference; lastKnownFileType = sourcecode.swift; path = HotPostView.swift; sourceTree = "<group>"; };
		FAFC263528EA90B700A0412A /* ColorExtension.swift */ = {isa = PBXFileReference; lastKnownFileType = sourcecode.swift; path = ColorExtension.swift; sourceTree = "<group>"; };
/* End PBXFileReference section */

/* Begin PBXFrameworksBuildPhase section */
		D0D2F1DE287D1E2A00AB3E6A /* Frameworks */ = {
			isa = PBXFrameworksBuildPhase;
			buildActionMask = 2147483647;
			files = (
				D0A1B47628A9D75E00FB4127 /* WrappingHStack in Frameworks */,
			);
			runOnlyForDeploymentPostprocessing = 0;
		};
		D0D2F1F4287D1E2B00AB3E6A /* Frameworks */ = {
			isa = PBXFrameworksBuildPhase;
			buildActionMask = 2147483647;
			files = (
			);
			runOnlyForDeploymentPostprocessing = 0;
		};
		D0D2F1FE287D1E2B00AB3E6A /* Frameworks */ = {
			isa = PBXFrameworksBuildPhase;
			buildActionMask = 2147483647;
			files = (
			);
			runOnlyForDeploymentPostprocessing = 0;
		};
/* End PBXFrameworksBuildPhase section */

/* Begin PBXGroup section */
		D018EF282894EF4900EA2BA1 /* Utilities */ = {
			isa = PBXGroup;
			children = (
				D098CCD128D5A660004DC73C /* README.md */,
				D018EF2D2894EFCC00EA2BA1 /* APICall.swift */,
				D018EF39289508B200EA2BA1 /* WebRepository.swift */,
				D018EF46289E5F2F00EA2BA1 /* Loadable.swift */,
				D05E89E628C30ED00018202D /* HideKeyBoard.swift */,
			);
			path = Utilities;
			sourceTree = "<group>";
		};
		D018EF292894EF6100EA2BA1 /* Injected */ = {
			isa = PBXGroup;
			children = (
				D098CCBC28D55984004DC73C /* README.md */,
				D018EF2F2894F04C00EA2BA1 /* AppState.swift */,
				D018EF33289503BF00EA2BA1 /* ServicesContainer.swift */,
				D018EF4A289E7FCB00EA2BA1 /* RepositoriesContainer.swift */,
				D018EF35289504D100EA2BA1 /* DependencyInjector.swift */,
			);
			path = Injected;
			sourceTree = "<group>";
		};
		D018EF2A2894EF6F00EA2BA1 /* Repositories */ = {
			isa = PBXGroup;
			children = (
				D098CCB928D558A3004DC73C /* README.md */,
				D018EF372895088B00EA2BA1 /* CommunitiesWebRepository.swift */,
				D0A1B47828B0844C00FB4127 /* PostsWebRepository.swift */,
				D0A1B48428B0A59400FB4127 /* UsersWebRepository.swift */,
				D0A1B48628B9A32A00FB4127 /* ImagesWebRepository.swift */,
				D0A1B49028B9E90100FB4127 /* SearchWebRepository.swift */,
				D098CCCC28D57D3F004DC73C /* AlarmsWebRepository.swift */,
				D098CD5128E6FBB4004DC73C /* NoticesWebRepository.swift */,
				D0C82F6328E8450400B17FCA /* MessagesWebRepository.swift */,
			);
			path = Repositories;
			sourceTree = "<group>";
		};
		D018EF2B2894EF7B00EA2BA1 /* Services */ = {
			isa = PBXGroup;
			children = (
				D098CCBA28D55930004DC73C /* README.md */,
				D018EF312894F19C00EA2BA1 /* UserPermissionsService.swift */,
				D018EF44289E48E400EA2BA1 /* CommunitiesService.swift */,
				D0A1B47C28B0886200FB4127 /* PostsService.swift */,
				D0A1B48228B0A54100FB4127 /* UsersService.swift */,
				D0A1B48828B9A7C400FB4127 /* ImagesService.swift */,
				D0A1B49228B9ED9C00FB4127 /* SearchService.swift */,
				D098CCCE28D58E42004DC73C /* AlarmsService.swift */,
				D098CD5328E6FD7F004DC73C /* NoticesService.swift */,
				D0C82F6528E8467700B17FCA /* MessagesService.swift */,
			);
			path = Services;
			sourceTree = "<group>";
		};
		D018EF2C2894EF8800EA2BA1 /* Models */ = {
			isa = PBXGroup;
			children = (
				D098CCB828D557A2004DC73C /* README.md */,
				D018EF3D289E3A7100EA2BA1 /* Community.swift */,
				D0A1B47A28B0849E00FB4127 /* Post.swift */,
				D0A1B49A28B9FD7000FB4127 /* Search.swift */,
				D098CCC528D56B7E004DC73C /* Alarm.swift */,
				D098CD4F28E6FB0D004DC73C /* Notice.swift */,
				D098CD5528E83E28004DC73C /* Message.swift */,
			);
			path = Models;
			sourceTree = "<group>";
		};
		D018EF3F289E437C00EA2BA1 /* CreateCommunity */ = {
			isa = PBXGroup;
			children = (
				D018EF40289E43C600EA2BA1 /* CreateCommunity.swift */,
				D018EF42289E44E500EA2BA1 /* CreateCommunityViewModel.swift */,
			);
			path = CreateCommunity;
			sourceTree = "<group>";
		};
		D048301628C2DEF5006DFF01 /* Component */ = {
			isa = PBXGroup;
			children = (
				D0A1B49828B9F45B00FB4127 /* SearchBar.swift */,
				D048301428C2DE74006DFF01 /* CommunityCategoryBar.swift */,
				D048301728C2DFD7006DFF01 /* SearchTypeSelectBar.swift */,
				D048301928C2E5B6006DFF01 /* PostSearchResultList.swift */,
				D05E89E428C2E87B0018202D /* CommunitySearchResultList.swift */,
			);
			path = Component;
			sourceTree = "<group>";
		};
		D060F0AD2894E0E7000116EE /* Resources */ = {
			isa = PBXGroup;
			children = (
				D0D2F1ED287D1E2B00AB3E6A /* Assets.xcassets */,
				D0D2F1EF287D1E2B00AB3E6A /* LaunchScreen.storyboard */,
				D0D2F1F2287D1E2B00AB3E6A /* Info.plist */,
			);
			path = Resources;
			sourceTree = "<group>";
		};
		D060F0AE2894E130000116EE /* System */ = {
			isa = PBXGroup;
			children = (
				D098CCD028D5A5D7004DC73C /* README.md */,
				D0D2F1E4287D1E2A00AB3E6A /* AppDelegate.swift */,
				D0D2F1E6287D1E2A00AB3E6A /* SceneDelegate.swift */,
				D018EF48289E7CF200EA2BA1 /* AppEnvironment.swift */,
			);
			path = System;
			sourceTree = "<group>";
		};
		D060F0AF2894E144000116EE /* UI */ = {
			isa = PBXGroup;
			children = (
				D098CD4728DEEDF7004DC73C /* Main.swift */,
				D0C82F7428F0F8C100B17FCA /* FirstLaunch.swift */,
				FAFC263428EA909F00A0412A /* Utilities */,
				D098CD4928E6F4B6004DC73C /* Home */,
				D0A1B48D28B9E6F900FB4127 /* SearchView */,
				D0A1B48A28B9C17B00FB4127 /* CreateView */,
				D098CCB528D55663004DC73C /* NotificationView */,
				D0C82F7D28FA5F1700B17FCA /* ProfileView */,
				D0D2F1E8287D1E2A00AB3E6A /* ViewController.swift */,
				D0D2F1EA287D1E2A00AB3E6A /* Main.storyboard */,
			);
			path = UI;
			sourceTree = "<group>";
		};
		D098CCB528D55663004DC73C /* NotificationView */ = {
			isa = PBXGroup;
			children = (
				D098CCB628D5568D004DC73C /* NotificationView.swift */,
				D098CCBD28D55ACE004DC73C /* NotificationViewModel.swift */,
				D098CCBF28D55B45004DC73C /* AlarmView */,
				D098CCC228D55B6A004DC73C /* MessageView */,
			);
			path = NotificationView;
			sourceTree = "<group>";
		};
		D098CCBF28D55B45004DC73C /* AlarmView */ = {
			isa = PBXGroup;
			children = (
				D098CCC028D55B61004DC73C /* AlarmView.swift */,
				D098CCC728D56E07004DC73C /* AlarmViewModel.swift */,
				D098CCC928D56F93004DC73C /* Component */,
			);
			path = AlarmView;
			sourceTree = "<group>";
		};
		D098CCC228D55B6A004DC73C /* MessageView */ = {
			isa = PBXGroup;
			children = (
				D098CCC328D55B7D004DC73C /* MessageView.swift */,
				D0C82F6728E8476200B17FCA /* MessageViewModel.swift */,
				D0C82F6A28E84CFA00B17FCA /* MessageDetailView.swift */,
				D0C82F7228EA5B2A00B17FCA /* MessageDetailViewModel.swift */,
				D0C82F6928E84CE500B17FCA /* Component */,
			);
			path = MessageView;
			sourceTree = "<group>";
		};
		D098CCC928D56F93004DC73C /* Component */ = {
			isa = PBXGroup;
			children = (
				D098CCCA28D570AC004DC73C /* AlarmCell.swift */,
			);
			path = Component;
			sourceTree = "<group>";
		};
		D098CD4928E6F4B6004DC73C /* Home */ = {
			isa = PBXGroup;
			children = (
				FAAE6B4028E88223001525E7 /* Component */,
				D098CD4A28E6F4C5004DC73C /* HomeView.swift */,
				D098CD4C28E6F86F004DC73C /* HomeViewModel.swift */,
			);
			path = Home;
			sourceTree = "<group>";
		};
		D0A1B47728B0814E00FB4127 /* CreatePost */ = {
			isa = PBXGroup;
			children = (
				D0A1B47E28B08BC800FB4127 /* CreatePost.swift */,
				D0A1B48028B08C6C00FB4127 /* CreatePostViewModel.swift */,
			);
			path = CreatePost;
			sourceTree = "<group>";
		};
		D0A1B48A28B9C17B00FB4127 /* CreateView */ = {
			isa = PBXGroup;
			children = (
				D098CD4528DEEDDF004DC73C /* CreateView.swift */,
				D0A1B47728B0814E00FB4127 /* CreatePost */,
				D018EF3F289E437C00EA2BA1 /* CreateCommunity */,
			);
			path = CreateView;
			sourceTree = "<group>";
		};
		D0A1B48D28B9E6F900FB4127 /* SearchView */ = {
			isa = PBXGroup;
			children = (
				D0A1B49428B9F0B600FB4127 /* SearchView.swift */,
				D0A1B49628B9F16F00FB4127 /* SearchViewModel.swift */,
				D048301628C2DEF5006DFF01 /* Component */,
			);
			path = SearchView;
			sourceTree = "<group>";
		};
		D0C82F6928E84CE500B17FCA /* Component */ = {
			isa = PBXGroup;
			children = (
				D0C82F6C28E84D9900B17FCA /* MessageTextBar.swift */,
				D0C82F6E28E84DE300B17FCA /* MessageContent.swift */,
			);
			path = Component;
			sourceTree = "<group>";
		};
		D0C82F7B28FA401600B17FCA /* Recovered References */ = {
			isa = PBXGroup;
			children = (
				D0C82F7928FA3E5900B17FCA /* HotPostView.swift */,
			);
			name = "Recovered References";
			sourceTree = "<group>";
		};
		D0C82F7D28FA5F1700B17FCA /* ProfileView */ = {
			isa = PBXGroup;
			children = (
				D0C82F7E28FA5F7500B17FCA /* ProfileView.swift */,
			);
			path = ProfileView;
			sourceTree = "<group>";
		};
		D0D2F1D8287D1E2A00AB3E6A = {
			isa = PBXGroup;
			children = (
				D098CCB328C32B3F004DC73C /* README.md */,
				D0D2F214287D432C00AB3E6A /* .gitignore */,
				D0D2F1E3287D1E2A00AB3E6A /* boogi-iOS-MVVM */,
				D0D2F1FA287D1E2B00AB3E6A /* boogi-iOS-MVVMTests */,
				D0D2F204287D1E2B00AB3E6A /* boogi-iOS-MVVMUITests */,
				D0D2F1E2287D1E2A00AB3E6A /* Products */,
				D0C82F7B28FA401600B17FCA /* Recovered References */,
			);
			sourceTree = "<group>";
		};
		D0D2F1E2287D1E2A00AB3E6A /* Products */ = {
			isa = PBXGroup;
			children = (
				D0D2F1E1287D1E2A00AB3E6A /* boogi-iOS-MVVM.app */,
				D0D2F1F7287D1E2B00AB3E6A /* boogi-iOS-MVVMTests.xctest */,
				D0D2F201287D1E2B00AB3E6A /* boogi-iOS-MVVMUITests.xctest */,
			);
			name = Products;
			sourceTree = "<group>";
		};
		D0D2F1E3287D1E2A00AB3E6A /* boogi-iOS-MVVM */ = {
			isa = PBXGroup;
			children = (
				D018EF2C2894EF8800EA2BA1 /* Models */,
				D018EF2A2894EF6F00EA2BA1 /* Repositories */,
				D018EF2B2894EF7B00EA2BA1 /* Services */,
				D018EF292894EF6100EA2BA1 /* Injected */,
				D018EF282894EF4900EA2BA1 /* Utilities */,
				D060F0AF2894E144000116EE /* UI */,
				D060F0AE2894E130000116EE /* System */,
				D060F0AD2894E0E7000116EE /* Resources */,
			);
			path = "boogi-iOS-MVVM";
			sourceTree = "<group>";
		};
		D0D2F1FA287D1E2B00AB3E6A /* boogi-iOS-MVVMTests */ = {
			isa = PBXGroup;
			children = (
				D0D2F1FB287D1E2B00AB3E6A /* boogi_iOS_MVVMTests.swift */,
			);
			path = "boogi-iOS-MVVMTests";
			sourceTree = "<group>";
		};
		D0D2F204287D1E2B00AB3E6A /* boogi-iOS-MVVMUITests */ = {
			isa = PBXGroup;
			children = (
				D0D2F205287D1E2B00AB3E6A /* boogi_iOS_MVVMUITests.swift */,
				D0D2F207287D1E2B00AB3E6A /* boogi_iOS_MVVMUITestsLaunchTests.swift */,
			);
			path = "boogi-iOS-MVVMUITests";
			sourceTree = "<group>";
		};
		FAAE6B4028E88223001525E7 /* Component */ = {
			isa = PBXGroup;
			children = (
				FAAE6B3D28E83F60001525E7 /* HotPostView.swift */,
			);
			path = Component;
			sourceTree = "<group>";
		};
		FAFC263428EA909F00A0412A /* Utilities */ = {
			isa = PBXGroup;
			children = (
				FAFC263528EA90B700A0412A /* ColorExtension.swift */,
			);
			path = Utilities;
			sourceTree = "<group>";
		};
/* End PBXGroup section */

/* Begin PBXNativeTarget section */
		D0D2F1E0287D1E2A00AB3E6A /* boogi-iOS-MVVM */ = {
			isa = PBXNativeTarget;
			buildConfigurationList = D0D2F20B287D1E2B00AB3E6A /* Build configuration list for PBXNativeTarget "boogi-iOS-MVVM" */;
			buildPhases = (
				D0D2F1DD287D1E2A00AB3E6A /* Sources */,
				D0D2F1DE287D1E2A00AB3E6A /* Frameworks */,
				D0D2F1DF287D1E2A00AB3E6A /* Resources */,
			);
			buildRules = (
			);
			dependencies = (
			);
			name = "boogi-iOS-MVVM";
			packageProductDependencies = (
				D0A1B47528A9D75E00FB4127 /* WrappingHStack */,
			);
			productName = "boogi-iOS-MVVM";
			productReference = D0D2F1E1287D1E2A00AB3E6A /* boogi-iOS-MVVM.app */;
			productType = "com.apple.product-type.application";
		};
		D0D2F1F6287D1E2B00AB3E6A /* boogi-iOS-MVVMTests */ = {
			isa = PBXNativeTarget;
			buildConfigurationList = D0D2F20E287D1E2B00AB3E6A /* Build configuration list for PBXNativeTarget "boogi-iOS-MVVMTests" */;
			buildPhases = (
				D0D2F1F3287D1E2B00AB3E6A /* Sources */,
				D0D2F1F4287D1E2B00AB3E6A /* Frameworks */,
				D0D2F1F5287D1E2B00AB3E6A /* Resources */,
			);
			buildRules = (
			);
			dependencies = (
				D0D2F1F9287D1E2B00AB3E6A /* PBXTargetDependency */,
			);
			name = "boogi-iOS-MVVMTests";
			productName = "boogi-iOS-MVVMTests";
			productReference = D0D2F1F7287D1E2B00AB3E6A /* boogi-iOS-MVVMTests.xctest */;
			productType = "com.apple.product-type.bundle.unit-test";
		};
		D0D2F200287D1E2B00AB3E6A /* boogi-iOS-MVVMUITests */ = {
			isa = PBXNativeTarget;
			buildConfigurationList = D0D2F211287D1E2B00AB3E6A /* Build configuration list for PBXNativeTarget "boogi-iOS-MVVMUITests" */;
			buildPhases = (
				D0D2F1FD287D1E2B00AB3E6A /* Sources */,
				D0D2F1FE287D1E2B00AB3E6A /* Frameworks */,
				D0D2F1FF287D1E2B00AB3E6A /* Resources */,
			);
			buildRules = (
			);
			dependencies = (
				D0D2F203287D1E2B00AB3E6A /* PBXTargetDependency */,
			);
			name = "boogi-iOS-MVVMUITests";
			productName = "boogi-iOS-MVVMUITests";
			productReference = D0D2F201287D1E2B00AB3E6A /* boogi-iOS-MVVMUITests.xctest */;
			productType = "com.apple.product-type.bundle.ui-testing";
		};
/* End PBXNativeTarget section */

/* Begin PBXProject section */
		D0D2F1D9287D1E2A00AB3E6A /* Project object */ = {
			isa = PBXProject;
			attributes = {
				BuildIndependentTargetsInParallel = 1;
				LastSwiftUpdateCheck = 1340;
				LastUpgradeCheck = 1340;
				TargetAttributes = {
					D0D2F1E0287D1E2A00AB3E6A = {
						CreatedOnToolsVersion = 13.4.1;
					};
					D0D2F1F6287D1E2B00AB3E6A = {
						CreatedOnToolsVersion = 13.4.1;
						TestTargetID = D0D2F1E0287D1E2A00AB3E6A;
					};
					D0D2F200287D1E2B00AB3E6A = {
						CreatedOnToolsVersion = 13.4.1;
						TestTargetID = D0D2F1E0287D1E2A00AB3E6A;
					};
				};
			};
			buildConfigurationList = D0D2F1DC287D1E2A00AB3E6A /* Build configuration list for PBXProject "boogi-iOS-MVVM" */;
			compatibilityVersion = "Xcode 13.0";
			developmentRegion = en;
			hasScannedForEncodings = 0;
			knownRegions = (
				en,
				Base,
			);
			mainGroup = D0D2F1D8287D1E2A00AB3E6A;
			packageReferences = (
				D0A1B47428A9D75E00FB4127 /* XCRemoteSwiftPackageReference "WrappingHStack" */,
			);
			productRefGroup = D0D2F1E2287D1E2A00AB3E6A /* Products */;
			projectDirPath = "";
			projectRoot = "";
			targets = (
				D0D2F1E0287D1E2A00AB3E6A /* boogi-iOS-MVVM */,
				D0D2F1F6287D1E2B00AB3E6A /* boogi-iOS-MVVMTests */,
				D0D2F200287D1E2B00AB3E6A /* boogi-iOS-MVVMUITests */,
			);
		};
/* End PBXProject section */

/* Begin PBXResourcesBuildPhase section */
		D0D2F1DF287D1E2A00AB3E6A /* Resources */ = {
			isa = PBXResourcesBuildPhase;
			buildActionMask = 2147483647;
			files = (
				D0D2F215287D432C00AB3E6A /* .gitignore in Resources */,
				D0D2F1F1287D1E2B00AB3E6A /* LaunchScreen.storyboard in Resources */,
				D098CCB428C32B3F004DC73C /* README.md in Resources */,
				D0D2F1EE287D1E2B00AB3E6A /* Assets.xcassets in Resources */,
				D0D2F1EC287D1E2A00AB3E6A /* Main.storyboard in Resources */,
			);
			runOnlyForDeploymentPostprocessing = 0;
		};
		D0D2F1F5287D1E2B00AB3E6A /* Resources */ = {
			isa = PBXResourcesBuildPhase;
			buildActionMask = 2147483647;
			files = (
			);
			runOnlyForDeploymentPostprocessing = 0;
		};
		D0D2F1FF287D1E2B00AB3E6A /* Resources */ = {
			isa = PBXResourcesBuildPhase;
			buildActionMask = 2147483647;
			files = (
			);
			runOnlyForDeploymentPostprocessing = 0;
		};
/* End PBXResourcesBuildPhase section */

/* Begin PBXSourcesBuildPhase section */
		D0D2F1DD287D1E2A00AB3E6A /* Sources */ = {
			isa = PBXSourcesBuildPhase;
			buildActionMask = 2147483647;
			files = (
				D0A1B49B28B9FD7000FB4127 /* Search.swift in Sources */,
				D0C82F6628E8467700B17FCA /* MessagesService.swift in Sources */,
				D098CCBE28D55ACE004DC73C /* NotificationViewModel.swift in Sources */,
				D0A1B47F28B08BC800FB4127 /* CreatePost.swift in Sources */,
				D098CD4D28E6F86F004DC73C /* HomeViewModel.swift in Sources */,
				D098CCCF28D58E43004DC73C /* AlarmsService.swift in Sources */,
				D018EF36289504D100EA2BA1 /* DependencyInjector.swift in Sources */,
				D018EF4B289E7FCB00EA2BA1 /* RepositoriesContainer.swift in Sources */,
				D098CCCB28D570AC004DC73C /* AlarmCell.swift in Sources */,
				D0C82F7528F0F8C100B17FCA /* FirstLaunch.swift in Sources */,
				D0A1B48528B0A59400FB4127 /* UsersWebRepository.swift in Sources */,
				D0A1B49128B9E90100FB4127 /* SearchWebRepository.swift in Sources */,
				D0C82F6F28E84DE300B17FCA /* MessageContent.swift in Sources */,
				D098CCCD28D57D3F004DC73C /* AlarmsWebRepository.swift in Sources */,
				D098CD4628DEEDDF004DC73C /* CreateView.swift in Sources */,
				D0C82F6828E8476200B17FCA /* MessageViewModel.swift in Sources */,
				D0C82F7328EA5B2A00B17FCA /* MessageDetailViewModel.swift in Sources */,
				D0A1B48728B9A32A00FB4127 /* ImagesWebRepository.swift in Sources */,
				D098CCC128D55B61004DC73C /* AlarmView.swift in Sources */,
				D018EF45289E48E400EA2BA1 /* CommunitiesService.swift in Sources */,
				D098CD5428E6FD7F004DC73C /* NoticesService.swift in Sources */,
				D098CD5028E6FB0D004DC73C /* Notice.swift in Sources */,
				D098CD5228E6FBB4004DC73C /* NoticesWebRepository.swift in Sources */,
				D018EF34289503BF00EA2BA1 /* ServicesContainer.swift in Sources */,
				D0A1B48928B9A7C400FB4127 /* ImagesService.swift in Sources */,
				D098CCC428D55B7D004DC73C /* MessageView.swift in Sources */,
				FAFC263628EA90B700A0412A /* ColorExtension.swift in Sources */,
				D0C82F7F28FA5F7500B17FCA /* ProfileView.swift in Sources */,
				D098CD5628E83E28004DC73C /* Message.swift in Sources */,
				D098CCC628D56B7E004DC73C /* Alarm.swift in Sources */,
				D0D2F1E9287D1E2A00AB3E6A /* ViewController.swift in Sources */,
				D018EF302894F04C00EA2BA1 /* AppState.swift in Sources */,
				D098CCC828D56E07004DC73C /* AlarmViewModel.swift in Sources */,
				D018EF49289E7CF200EA2BA1 /* AppEnvironment.swift in Sources */,
				D0D2F1E5287D1E2A00AB3E6A /* AppDelegate.swift in Sources */,
				D0A1B47928B0844C00FB4127 /* PostsWebRepository.swift in Sources */,
				D018EF322894F19C00EA2BA1 /* UserPermissionsService.swift in Sources */,
				D018EF3A289508B200EA2BA1 /* WebRepository.swift in Sources */,
				D018EF2E2894EFCC00EA2BA1 /* APICall.swift in Sources */,
				D018EF382895088B00EA2BA1 /* CommunitiesWebRepository.swift in Sources */,
				D018EF3E289E3A7100EA2BA1 /* Community.swift in Sources */,
				D098CD4B28E6F4C5004DC73C /* HomeView.swift in Sources */,
				D048301528C2DE74006DFF01 /* CommunityCategoryBar.swift in Sources */,
				D05E89E528C2E87B0018202D /* CommunitySearchResultList.swift in Sources */,
				FAAE6B3E28E83F60001525E7 /* HotPostView.swift in Sources */,
				D018EF41289E43C600EA2BA1 /* CreateCommunity.swift in Sources */,
				D0A1B49928B9F45B00FB4127 /* SearchBar.swift in Sources */,
				D0A1B47D28B0886200FB4127 /* PostsService.swift in Sources */,
				D018EF43289E44E500EA2BA1 /* CreateCommunityViewModel.swift in Sources */,
				D0A1B48128B08C6C00FB4127 /* CreatePostViewModel.swift in Sources */,
				D0C82F6D28E84D9900B17FCA /* MessageTextBar.swift in Sources */,
				D05E89E728C30ED00018202D /* HideKeyBoard.swift in Sources */,
				D098CCB728D5568D004DC73C /* NotificationView.swift in Sources */,
				D0A1B49728B9F16F00FB4127 /* SearchViewModel.swift in Sources */,
				D0A1B47B28B0849E00FB4127 /* Post.swift in Sources */,
				D0D2F1E7287D1E2A00AB3E6A /* SceneDelegate.swift in Sources */,
				D0A1B49328B9ED9C00FB4127 /* SearchService.swift in Sources */,
				D0C82F6428E8450400B17FCA /* MessagesWebRepository.swift in Sources */,
				D098CD4828DEEDF7004DC73C /* Main.swift in Sources */,
				D0A1B49528B9F0B600FB4127 /* SearchView.swift in Sources */,
				D048301A28C2E5B6006DFF01 /* PostSearchResultList.swift in Sources */,
				D0C82F6B28E84CFA00B17FCA /* MessageDetailView.swift in Sources */,
				D048301828C2DFD7006DFF01 /* SearchTypeSelectBar.swift in Sources */,
				D0A1B48328B0A54100FB4127 /* UsersService.swift in Sources */,
				D018EF47289E5F2F00EA2BA1 /* Loadable.swift in Sources */,
			);
			runOnlyForDeploymentPostprocessing = 0;
		};
		D0D2F1F3287D1E2B00AB3E6A /* Sources */ = {
			isa = PBXSourcesBuildPhase;
			buildActionMask = 2147483647;
			files = (
				D0D2F1FC287D1E2B00AB3E6A /* boogi_iOS_MVVMTests.swift in Sources */,
			);
			runOnlyForDeploymentPostprocessing = 0;
		};
		D0D2F1FD287D1E2B00AB3E6A /* Sources */ = {
			isa = PBXSourcesBuildPhase;
			buildActionMask = 2147483647;
			files = (
				D0D2F206287D1E2B00AB3E6A /* boogi_iOS_MVVMUITests.swift in Sources */,
				D0D2F208287D1E2B00AB3E6A /* boogi_iOS_MVVMUITestsLaunchTests.swift in Sources */,
			);
			runOnlyForDeploymentPostprocessing = 0;
		};
/* End PBXSourcesBuildPhase section */

/* Begin PBXTargetDependency section */
		D0D2F1F9287D1E2B00AB3E6A /* PBXTargetDependency */ = {
			isa = PBXTargetDependency;
			target = D0D2F1E0287D1E2A00AB3E6A /* boogi-iOS-MVVM */;
			targetProxy = D0D2F1F8287D1E2B00AB3E6A /* PBXContainerItemProxy */;
		};
		D0D2F203287D1E2B00AB3E6A /* PBXTargetDependency */ = {
			isa = PBXTargetDependency;
			target = D0D2F1E0287D1E2A00AB3E6A /* boogi-iOS-MVVM */;
			targetProxy = D0D2F202287D1E2B00AB3E6A /* PBXContainerItemProxy */;
		};
/* End PBXTargetDependency section */

/* Begin PBXVariantGroup section */
		D0D2F1EA287D1E2A00AB3E6A /* Main.storyboard */ = {
			isa = PBXVariantGroup;
			children = (
				D0D2F1EB287D1E2A00AB3E6A /* Base */,
			);
			name = Main.storyboard;
			sourceTree = "<group>";
		};
		D0D2F1EF287D1E2B00AB3E6A /* LaunchScreen.storyboard */ = {
			isa = PBXVariantGroup;
			children = (
				D0D2F1F0287D1E2B00AB3E6A /* Base */,
			);
			name = LaunchScreen.storyboard;
			sourceTree = "<group>";
		};
/* End PBXVariantGroup section */

/* Begin XCBuildConfiguration section */
		D0D2F209287D1E2B00AB3E6A /* Debug */ = {
			isa = XCBuildConfiguration;
			buildSettings = {
				ALWAYS_SEARCH_USER_PATHS = NO;
				CLANG_ANALYZER_NONNULL = YES;
				CLANG_ANALYZER_NUMBER_OBJECT_CONVERSION = YES_AGGRESSIVE;
				CLANG_CXX_LANGUAGE_STANDARD = "gnu++17";
				CLANG_ENABLE_MODULES = YES;
				CLANG_ENABLE_OBJC_ARC = YES;
				CLANG_ENABLE_OBJC_WEAK = YES;
				CLANG_WARN_BLOCK_CAPTURE_AUTORELEASING = YES;
				CLANG_WARN_BOOL_CONVERSION = YES;
				CLANG_WARN_COMMA = YES;
				CLANG_WARN_CONSTANT_CONVERSION = YES;
				CLANG_WARN_DEPRECATED_OBJC_IMPLEMENTATIONS = YES;
				CLANG_WARN_DIRECT_OBJC_ISA_USAGE = YES_ERROR;
				CLANG_WARN_DOCUMENTATION_COMMENTS = YES;
				CLANG_WARN_EMPTY_BODY = YES;
				CLANG_WARN_ENUM_CONVERSION = YES;
				CLANG_WARN_INFINITE_RECURSION = YES;
				CLANG_WARN_INT_CONVERSION = YES;
				CLANG_WARN_NON_LITERAL_NULL_CONVERSION = YES;
				CLANG_WARN_OBJC_IMPLICIT_RETAIN_SELF = YES;
				CLANG_WARN_OBJC_LITERAL_CONVERSION = YES;
				CLANG_WARN_OBJC_ROOT_CLASS = YES_ERROR;
				CLANG_WARN_QUOTED_INCLUDE_IN_FRAMEWORK_HEADER = YES;
				CLANG_WARN_RANGE_LOOP_ANALYSIS = YES;
				CLANG_WARN_STRICT_PROTOTYPES = YES;
				CLANG_WARN_SUSPICIOUS_MOVE = YES;
				CLANG_WARN_UNGUARDED_AVAILABILITY = YES_AGGRESSIVE;
				CLANG_WARN_UNREACHABLE_CODE = YES;
				CLANG_WARN__DUPLICATE_METHOD_MATCH = YES;
				COPY_PHASE_STRIP = NO;
				DEBUG_INFORMATION_FORMAT = dwarf;
				ENABLE_STRICT_OBJC_MSGSEND = YES;
				ENABLE_TESTABILITY = YES;
				GCC_C_LANGUAGE_STANDARD = gnu11;
				GCC_DYNAMIC_NO_PIC = NO;
				GCC_NO_COMMON_BLOCKS = YES;
				GCC_OPTIMIZATION_LEVEL = 0;
				GCC_PREPROCESSOR_DEFINITIONS = (
					"DEBUG=1",
					"$(inherited)",
				);
				GCC_WARN_64_TO_32_BIT_CONVERSION = YES;
				GCC_WARN_ABOUT_RETURN_TYPE = YES_ERROR;
				GCC_WARN_UNDECLARED_SELECTOR = YES;
				GCC_WARN_UNINITIALIZED_AUTOS = YES_AGGRESSIVE;
				GCC_WARN_UNUSED_FUNCTION = YES;
				GCC_WARN_UNUSED_VARIABLE = YES;
				INFOPLIST_FILE = "";
				IPHONEOS_DEPLOYMENT_TARGET = 15.5;
				MTL_ENABLE_DEBUG_INFO = INCLUDE_SOURCE;
				MTL_FAST_MATH = YES;
				ONLY_ACTIVE_ARCH = YES;
				SDKROOT = iphoneos;
				SWIFT_ACTIVE_COMPILATION_CONDITIONS = DEBUG;
				SWIFT_OPTIMIZATION_LEVEL = "-Onone";
			};
			name = Debug;
		};
		D0D2F20A287D1E2B00AB3E6A /* Release */ = {
			isa = XCBuildConfiguration;
			buildSettings = {
				ALWAYS_SEARCH_USER_PATHS = NO;
				CLANG_ANALYZER_NONNULL = YES;
				CLANG_ANALYZER_NUMBER_OBJECT_CONVERSION = YES_AGGRESSIVE;
				CLANG_CXX_LANGUAGE_STANDARD = "gnu++17";
				CLANG_ENABLE_MODULES = YES;
				CLANG_ENABLE_OBJC_ARC = YES;
				CLANG_ENABLE_OBJC_WEAK = YES;
				CLANG_WARN_BLOCK_CAPTURE_AUTORELEASING = YES;
				CLANG_WARN_BOOL_CONVERSION = YES;
				CLANG_WARN_COMMA = YES;
				CLANG_WARN_CONSTANT_CONVERSION = YES;
				CLANG_WARN_DEPRECATED_OBJC_IMPLEMENTATIONS = YES;
				CLANG_WARN_DIRECT_OBJC_ISA_USAGE = YES_ERROR;
				CLANG_WARN_DOCUMENTATION_COMMENTS = YES;
				CLANG_WARN_EMPTY_BODY = YES;
				CLANG_WARN_ENUM_CONVERSION = YES;
				CLANG_WARN_INFINITE_RECURSION = YES;
				CLANG_WARN_INT_CONVERSION = YES;
				CLANG_WARN_NON_LITERAL_NULL_CONVERSION = YES;
				CLANG_WARN_OBJC_IMPLICIT_RETAIN_SELF = YES;
				CLANG_WARN_OBJC_LITERAL_CONVERSION = YES;
				CLANG_WARN_OBJC_ROOT_CLASS = YES_ERROR;
				CLANG_WARN_QUOTED_INCLUDE_IN_FRAMEWORK_HEADER = YES;
				CLANG_WARN_RANGE_LOOP_ANALYSIS = YES;
				CLANG_WARN_STRICT_PROTOTYPES = YES;
				CLANG_WARN_SUSPICIOUS_MOVE = YES;
				CLANG_WARN_UNGUARDED_AVAILABILITY = YES_AGGRESSIVE;
				CLANG_WARN_UNREACHABLE_CODE = YES;
				CLANG_WARN__DUPLICATE_METHOD_MATCH = YES;
				COPY_PHASE_STRIP = NO;
				DEBUG_INFORMATION_FORMAT = "dwarf-with-dsym";
				ENABLE_NS_ASSERTIONS = NO;
				ENABLE_STRICT_OBJC_MSGSEND = YES;
				GCC_C_LANGUAGE_STANDARD = gnu11;
				GCC_NO_COMMON_BLOCKS = YES;
				GCC_WARN_64_TO_32_BIT_CONVERSION = YES;
				GCC_WARN_ABOUT_RETURN_TYPE = YES_ERROR;
				GCC_WARN_UNDECLARED_SELECTOR = YES;
				GCC_WARN_UNINITIALIZED_AUTOS = YES_AGGRESSIVE;
				GCC_WARN_UNUSED_FUNCTION = YES;
				GCC_WARN_UNUSED_VARIABLE = YES;
				INFOPLIST_FILE = "";
				IPHONEOS_DEPLOYMENT_TARGET = 15.5;
				MTL_ENABLE_DEBUG_INFO = NO;
				MTL_FAST_MATH = YES;
				SDKROOT = iphoneos;
				SWIFT_COMPILATION_MODE = wholemodule;
				SWIFT_OPTIMIZATION_LEVEL = "-O";
				VALIDATE_PRODUCT = YES;
			};
			name = Release;
		};
		D0D2F20C287D1E2B00AB3E6A /* Debug */ = {
			isa = XCBuildConfiguration;
			buildSettings = {
				ASSETCATALOG_COMPILER_APPICON_NAME = AppIcon;
				ASSETCATALOG_COMPILER_GLOBAL_ACCENT_COLOR_NAME = AccentColor;
				CODE_SIGN_STYLE = Automatic;
				CURRENT_PROJECT_VERSION = 1;
				DEVELOPMENT_TEAM = ZJBH884U9D;
				GENERATE_INFOPLIST_FILE = YES;
				INFOPLIST_FILE = "boogi-iOS-MVVM/Resources/Info.plist";
				INFOPLIST_KEY_UIApplicationSupportsIndirectInputEvents = YES;
				INFOPLIST_KEY_UILaunchStoryboardName = LaunchScreen;
				INFOPLIST_KEY_UIMainStoryboardFile = Main;
				INFOPLIST_KEY_UISupportedInterfaceOrientations_iPad = "UIInterfaceOrientationPortrait UIInterfaceOrientationPortraitUpsideDown UIInterfaceOrientationLandscapeLeft UIInterfaceOrientationLandscapeRight";
				INFOPLIST_KEY_UISupportedInterfaceOrientations_iPhone = "UIInterfaceOrientationPortrait UIInterfaceOrientationLandscapeLeft UIInterfaceOrientationLandscapeRight";
				LD_RUNPATH_SEARCH_PATHS = (
					"$(inherited)",
					"@executable_path/Frameworks",
				);
				MARKETING_VERSION = 0.0.22;
				PRODUCT_BUNDLE_IDENTIFIER = kr.ac.Boogi;
				PRODUCT_NAME = "$(TARGET_NAME)";
				SWIFT_EMIT_LOC_STRINGS = YES;
				SWIFT_VERSION = 5.0;
				TARGETED_DEVICE_FAMILY = "1,2";
			};
			name = Debug;
		};
		D0D2F20D287D1E2B00AB3E6A /* Release */ = {
			isa = XCBuildConfiguration;
			buildSettings = {
				ASSETCATALOG_COMPILER_APPICON_NAME = AppIcon;
				ASSETCATALOG_COMPILER_GLOBAL_ACCENT_COLOR_NAME = AccentColor;
				CODE_SIGN_IDENTITY = "Apple Development";
				CODE_SIGN_STYLE = Automatic;
				CURRENT_PROJECT_VERSION = 1;
				DEVELOPMENT_TEAM = ZJBH884U9D;
				GENERATE_INFOPLIST_FILE = YES;
				INFOPLIST_FILE = "boogi-iOS-MVVM/Resources/Info.plist";
				INFOPLIST_KEY_UIApplicationSupportsIndirectInputEvents = YES;
				INFOPLIST_KEY_UILaunchStoryboardName = LaunchScreen;
				INFOPLIST_KEY_UIMainStoryboardFile = Main;
				INFOPLIST_KEY_UISupportedInterfaceOrientations_iPad = "UIInterfaceOrientationPortrait UIInterfaceOrientationPortraitUpsideDown UIInterfaceOrientationLandscapeLeft UIInterfaceOrientationLandscapeRight";
				INFOPLIST_KEY_UISupportedInterfaceOrientations_iPhone = "UIInterfaceOrientationPortrait UIInterfaceOrientationLandscapeLeft UIInterfaceOrientationLandscapeRight";
				LD_RUNPATH_SEARCH_PATHS = (
					"$(inherited)",
					"@executable_path/Frameworks",
				);
				MARKETING_VERSION = 0.0.22;
				PRODUCT_BUNDLE_IDENTIFIER = kr.ac.Boogi;
				PRODUCT_NAME = "$(TARGET_NAME)";
				PROVISIONING_PROFILE_SPECIFIER = "";
				SWIFT_EMIT_LOC_STRINGS = YES;
				SWIFT_VERSION = 5.0;
				TARGETED_DEVICE_FAMILY = "1,2";
			};
			name = Release;
		};
		D0D2F20F287D1E2B00AB3E6A /* Debug */ = {
			isa = XCBuildConfiguration;
			buildSettings = {
				ALWAYS_EMBED_SWIFT_STANDARD_LIBRARIES = YES;
				BUNDLE_LOADER = "$(TEST_HOST)";
				CODE_SIGN_STYLE = Automatic;
				CURRENT_PROJECT_VERSION = 1;
				GENERATE_INFOPLIST_FILE = YES;
				IPHONEOS_DEPLOYMENT_TARGET = 15.5;
				MARKETING_VERSION = 1.0;
				PRODUCT_BUNDLE_IDENTIFIER = "boogi.boogi-iOS-MVVMTests";
				PRODUCT_NAME = "$(TARGET_NAME)";
				SWIFT_EMIT_LOC_STRINGS = NO;
				SWIFT_VERSION = 5.0;
				TARGETED_DEVICE_FAMILY = "1,2";
				TEST_HOST = "$(BUILT_PRODUCTS_DIR)/boogi-iOS-MVVM.app/boogi-iOS-MVVM";
			};
			name = Debug;
		};
		D0D2F210287D1E2B00AB3E6A /* Release */ = {
			isa = XCBuildConfiguration;
			buildSettings = {
				ALWAYS_EMBED_SWIFT_STANDARD_LIBRARIES = YES;
				BUNDLE_LOADER = "$(TEST_HOST)";
				CODE_SIGN_STYLE = Automatic;
				CURRENT_PROJECT_VERSION = 1;
				GENERATE_INFOPLIST_FILE = YES;
				IPHONEOS_DEPLOYMENT_TARGET = 15.5;
				MARKETING_VERSION = 1.0;
				PRODUCT_BUNDLE_IDENTIFIER = "boogi.boogi-iOS-MVVMTests";
				PRODUCT_NAME = "$(TARGET_NAME)";
				SWIFT_EMIT_LOC_STRINGS = NO;
				SWIFT_VERSION = 5.0;
				TARGETED_DEVICE_FAMILY = "1,2";
				TEST_HOST = "$(BUILT_PRODUCTS_DIR)/boogi-iOS-MVVM.app/boogi-iOS-MVVM";
			};
			name = Release;
		};
		D0D2F212287D1E2B00AB3E6A /* Debug */ = {
			isa = XCBuildConfiguration;
			buildSettings = {
				ALWAYS_EMBED_SWIFT_STANDARD_LIBRARIES = YES;
				CODE_SIGN_STYLE = Automatic;
				CURRENT_PROJECT_VERSION = 1;
				GENERATE_INFOPLIST_FILE = YES;
				MARKETING_VERSION = 1.0;
				PRODUCT_BUNDLE_IDENTIFIER = "boogi.boogi-iOS-MVVMUITests";
				PRODUCT_NAME = "$(TARGET_NAME)";
				SWIFT_EMIT_LOC_STRINGS = NO;
				SWIFT_VERSION = 5.0;
				TARGETED_DEVICE_FAMILY = "1,2";
				TEST_TARGET_NAME = "boogi-iOS-MVVM";
			};
			name = Debug;
		};
		D0D2F213287D1E2B00AB3E6A /* Release */ = {
			isa = XCBuildConfiguration;
			buildSettings = {
				ALWAYS_EMBED_SWIFT_STANDARD_LIBRARIES = YES;
				CODE_SIGN_STYLE = Automatic;
				CURRENT_PROJECT_VERSION = 1;
				GENERATE_INFOPLIST_FILE = YES;
				MARKETING_VERSION = 1.0;
				PRODUCT_BUNDLE_IDENTIFIER = "boogi.boogi-iOS-MVVMUITests";
				PRODUCT_NAME = "$(TARGET_NAME)";
				SWIFT_EMIT_LOC_STRINGS = NO;
				SWIFT_VERSION = 5.0;
				TARGETED_DEVICE_FAMILY = "1,2";
				TEST_TARGET_NAME = "boogi-iOS-MVVM";
			};
			name = Release;
		};
/* End XCBuildConfiguration section */

/* Begin XCConfigurationList section */
		D0D2F1DC287D1E2A00AB3E6A /* Build configuration list for PBXProject "boogi-iOS-MVVM" */ = {
			isa = XCConfigurationList;
			buildConfigurations = (
				D0D2F209287D1E2B00AB3E6A /* Debug */,
				D0D2F20A287D1E2B00AB3E6A /* Release */,
			);
			defaultConfigurationIsVisible = 0;
			defaultConfigurationName = Release;
		};
		D0D2F20B287D1E2B00AB3E6A /* Build configuration list for PBXNativeTarget "boogi-iOS-MVVM" */ = {
			isa = XCConfigurationList;
			buildConfigurations = (
				D0D2F20C287D1E2B00AB3E6A /* Debug */,
				D0D2F20D287D1E2B00AB3E6A /* Release */,
			);
			defaultConfigurationIsVisible = 0;
			defaultConfigurationName = Release;
		};
		D0D2F20E287D1E2B00AB3E6A /* Build configuration list for PBXNativeTarget "boogi-iOS-MVVMTests" */ = {
			isa = XCConfigurationList;
			buildConfigurations = (
				D0D2F20F287D1E2B00AB3E6A /* Debug */,
				D0D2F210287D1E2B00AB3E6A /* Release */,
			);
			defaultConfigurationIsVisible = 0;
			defaultConfigurationName = Release;
		};
		D0D2F211287D1E2B00AB3E6A /* Build configuration list for PBXNativeTarget "boogi-iOS-MVVMUITests" */ = {
			isa = XCConfigurationList;
			buildConfigurations = (
				D0D2F212287D1E2B00AB3E6A /* Debug */,
				D0D2F213287D1E2B00AB3E6A /* Release */,
			);
			defaultConfigurationIsVisible = 0;
			defaultConfigurationName = Release;
		};
/* End XCConfigurationList section */

/* Begin XCRemoteSwiftPackageReference section */
		D0A1B47428A9D75E00FB4127 /* XCRemoteSwiftPackageReference "WrappingHStack" */ = {
			isa = XCRemoteSwiftPackageReference;
			repositoryURL = "https://github.com/dkk/WrappingHStack.git";
			requirement = {
				kind = upToNextMajorVersion;
				minimumVersion = 2.0.0;
			};
		};
/* End XCRemoteSwiftPackageReference section */

/* Begin XCSwiftPackageProductDependency section */
		D0A1B47528A9D75E00FB4127 /* WrappingHStack */ = {
			isa = XCSwiftPackageProductDependency;
			package = D0A1B47428A9D75E00FB4127 /* XCRemoteSwiftPackageReference "WrappingHStack" */;
			productName = WrappingHStack;
		};
/* End XCSwiftPackageProductDependency section */
	};
	rootObject = D0D2F1D9287D1E2A00AB3E6A /* Project object */;
}
